
Microsoft Visual Studio Solution File, Format Version 12.00
# Visual Studio Version 17
VisualStudioVersion = 17.13.35913.81 d17.13
MinimumVisualStudioVersion = 10.0.40219.1
Project("{FAE04EC0-301F-11D3-BF4B-00C04F79EFBC}") = "AI", "AI.csproj", "{CFFEA16F-51AB-4278-BBEE-BF50D730DFA3}"
EndProject
Global
	GlobalSection(SolutionConfigurationPlatforms) = preSolution
		Debug|Any CPU = Debug|Any CPU
		Release|Any CPU = Release|Any CPU
	EndGlobalSection
	GlobalSection(ProjectConfigurationPlatforms) = postSolution
		{CFFEA16F-51AB-4278-BBEE-BF50D730DFA3}.Debug|Any CPU.ActiveCfg = Debug|Any CPU
		{CFFEA16F-51AB-4278-BBEE-BF50D730DFA3}.Debug|Any CPU.Build.0 = Debug|Any CPU
		{CFFEA16F-51AB-4278-BBEE-BF50D730DFA3}.Release|Any CPU.ActiveCfg = Release|Any CPU
		{CFFEA16F-51AB-4278-BBEE-BF50D730DFA3}.Release|Any CPU.Build.0 = Release|Any CPU
	EndGlobalSection
	GlobalSection(SolutionProperties) = preSolution
		HideSolutionNode = FALSE
	EndGlobalSection
	GlobalSection(ExtensibilityGlobals) = postSolution
		SolutionGuid = {2C841690-F1CD-44DD-AED0-CBCF0BA0D809}
	EndGlobalSection
EndGlobal
